
Microsoft Visual Studio Solution File, Format Version 12.00
# Visual Studio Version 17
VisualStudioVersion = 17.3.32819.101
MinimumVisualStudioVersion = 10.0.40219.1
Project("{FAE04EC0-301F-11D3-BF4B-00C04F79EFBC}") = "Arayüzler", "Arayüzler\Arayüzler.csproj", "{A01D98A4-5DC5-4C4C-A0EF-FA9BEE701A1A}"
EndProject
Global
	GlobalSection(SolutionConfigurationPlatforms) = preSolution
		Debug|Any CPU = Debug|Any CPU
		Release|Any CPU = Release|Any CPU
	EndGlobalSection
	GlobalSection(ProjectConfigurationPlatforms) = postSolution
		{A01D98A4-5DC5-4C4C-A0EF-FA9BEE701A1A}.Debug|Any CPU.ActiveCfg = Debug|Any CPU
		{A01D98A4-5DC5-4C4C-A0EF-FA9BEE701A1A}.Debug|Any CPU.Build.0 = Debug|Any CPU
		{A01D98A4-5DC5-4C4C-A0EF-FA9BEE701A1A}.Release|Any CPU.ActiveCfg = Release|Any CPU
		{A01D98A4-5DC5-4C4C-A0EF-FA9BEE701A1A}.Release|Any CPU.Build.0 = Release|Any CPU
	EndGlobalSection
	GlobalSection(SolutionProperties) = preSolution
		HideSolutionNode = FALSE
	EndGlobalSection
	GlobalSection(ExtensibilityGlobals) = postSolution
		SolutionGuid = {3D675A04-F7C0-4E9A-933F-0F04D2152FCD}
	EndGlobalSection
EndGlobal
