
Microsoft Visual Studio Solution File, Format Version 12.00
# Visual Studio Version 17
VisualStudioVersion = 17.3.32819.101
MinimumVisualStudioVersion = 10.0.40219.1
Project("{FAE04EC0-301F-11D3-BF4B-00C04F79EFBC}") = "Structlar", "Structlar\Structlar.csproj", "{A3F5D2F7-CB40-4E32-BE77-8A8C5117F3F4}"
EndProject
Global
	GlobalSection(SolutionConfigurationPlatforms) = preSolution
		Debug|Any CPU = Debug|Any CPU
		Release|Any CPU = Release|Any CPU
	EndGlobalSection
	GlobalSection(ProjectConfigurationPlatforms) = postSolution
		{A3F5D2F7-CB40-4E32-BE77-8A8C5117F3F4}.Debug|Any CPU.ActiveCfg = Debug|Any CPU
		{A3F5D2F7-CB40-4E32-BE77-8A8C5117F3F4}.Debug|Any CPU.Build.0 = Debug|Any CPU
		{A3F5D2F7-CB40-4E32-BE77-8A8C5117F3F4}.Release|Any CPU.ActiveCfg = Release|Any CPU
		{A3F5D2F7-CB40-4E32-BE77-8A8C5117F3F4}.Release|Any CPU.Build.0 = Release|Any CPU
	EndGlobalSection
	GlobalSection(SolutionProperties) = preSolution
		HideSolutionNode = FALSE
	EndGlobalSection
	GlobalSection(ExtensibilityGlobals) = postSolution
		SolutionGuid = {0DACE99B-DF0D-4568-ACCA-31EA6A2A4510}
	EndGlobalSection
EndGlobal
